
Microsoft Visual Studio Solution File, Format Version 12.00
# Visual Studio 15
VisualStudioVersion = 15.0.26730.12
MinimumVisualStudioVersion = 10.0.40219.1
Project("{FAE04EC0-301F-11D3-BF4B-00C04F79EFBC}") = "MegaDesk-3-CarleeMurphy", "MegaDesk-3-CarleeMurphy\MegaDesk-3-CarleeMurphy.csproj", "{C2D2A192-BC72-46E8-A27B-7BCE2521A62C}"
EndProject
Global
	GlobalSection(SolutionConfigurationPlatforms) = preSolution
		Debug|Any CPU = Debug|Any CPU
		Release|Any CPU = Release|Any CPU
	EndGlobalSection
	GlobalSection(ProjectConfigurationPlatforms) = postSolution
		{C2D2A192-BC72-46E8-A27B-7BCE2521A62C}.Debug|Any CPU.ActiveCfg = Debug|Any CPU
		{C2D2A192-BC72-46E8-A27B-7BCE2521A62C}.Debug|Any CPU.Build.0 = Debug|Any CPU
		{C2D2A192-BC72-46E8-A27B-7BCE2521A62C}.Release|Any CPU.ActiveCfg = Release|Any CPU
		{C2D2A192-BC72-46E8-A27B-7BCE2521A62C}.Release|Any CPU.Build.0 = Release|Any CPU
	EndGlobalSection
	GlobalSection(SolutionProperties) = preSolution
		HideSolutionNode = FALSE
	EndGlobalSection
	GlobalSection(ExtensibilityGlobals) = postSolution
		SolutionGuid = {F002F9B8-8F47-4D0E-8CE1-89401DE4B5CB}
	EndGlobalSection
EndGlobal
